
Microsoft Visual Studio Solution File, Format Version 11.00
# Visual Studio 2010
Project("{8BC9CEB8-8B4A-11D0-8D11-00A0C91BC942}") = "interpolate", "interpolate\interpolate.vcxproj", "{E38F94B2-65E3-42AD-B514-6D4C4F81D923}"
EndProject
Project("{8BC9CEB8-8B4A-11D0-8D11-00A0C91BC942}") = "mocapPlayer", "mocapPlayer\mocapPlayer.vcxproj", "{6C4816BE-D01C-449A-94C5-ADC00E4BD46E}"
EndProject
Global
	GlobalSection(SolutionConfigurationPlatforms) = preSolution
		Debug|Win32 = Debug|Win32
		Release|Win32 = Release|Win32
		Template|Win32 = Template|Win32
	EndGlobalSection
	GlobalSection(ProjectConfigurationPlatforms) = postSolution
		{E38F94B2-65E3-42AD-B514-6D4C4F81D923}.Debug|Win32.ActiveCfg = Debug|Win32
		{E38F94B2-65E3-42AD-B514-6D4C4F81D923}.Debug|Win32.Build.0 = Debug|Win32
		{E38F94B2-65E3-42AD-B514-6D4C4F81D923}.Release|Win32.ActiveCfg = Release|Win32
		{E38F94B2-65E3-42AD-B514-6D4C4F81D923}.Release|Win32.Build.0 = Release|Win32
		{E38F94B2-65E3-42AD-B514-6D4C4F81D923}.Template|Win32.ActiveCfg = Release|Win32
		{E38F94B2-65E3-42AD-B514-6D4C4F81D923}.Template|Win32.Build.0 = Release|Win32
		{6C4816BE-D01C-449A-94C5-ADC00E4BD46E}.Debug|Win32.ActiveCfg = Debug|Win32
		{6C4816BE-D01C-449A-94C5-ADC00E4BD46E}.Debug|Win32.Build.0 = Debug|Win32
		{6C4816BE-D01C-449A-94C5-ADC00E4BD46E}.Release|Win32.ActiveCfg = Release|Win32
		{6C4816BE-D01C-449A-94C5-ADC00E4BD46E}.Release|Win32.Build.0 = Release|Win32
		{6C4816BE-D01C-449A-94C5-ADC00E4BD46E}.Template|Win32.ActiveCfg = Release|Win32
		{6C4816BE-D01C-449A-94C5-ADC00E4BD46E}.Template|Win32.Build.0 = Release|Win32
	EndGlobalSection
	GlobalSection(SolutionProperties) = preSolution
		HideSolutionNode = FALSE
	EndGlobalSection
EndGlobal
